// !$*UTF8*$!
{
	archiveVersion = 1;
	classes = {
	};
	objectVersion = 46;
	objects = {

/* Begin PBXBuildFile section */
		4607CDCF1DC7148D000393C2 /* RecommendCycleView.swift in Sources */ = {isa = PBXBuildFile; fileRef = 4607CDCE1DC7148D000393C2 /* RecommendCycleView.swift */; };
		464BFA0B1DB9B6E7000AC31B /* RecommendUIViewController.swift in Sources */ = {isa = PBXBuildFile; fileRef = 464BFA0A1DB9B6E7000AC31B /* RecommendUIViewController.swift */; };
		464BFA0E1DB9C735000AC31B /* CollectionHeaderView.swift in Sources */ = {isa = PBXBuildFile; fileRef = 464BFA0C1DB9C735000AC31B /* CollectionHeaderView.swift */; };
		464BFA0F1DB9C735000AC31B /* CollectionHeaderView.xib in Resources */ = {isa = PBXBuildFile; fileRef = 464BFA0D1DB9C735000AC31B /* CollectionHeaderView.xib */; };
		464BFA121DB9CB65000AC31B /* CollectionNormalCell.swift in Sources */ = {isa = PBXBuildFile; fileRef = 464BFA101DB9CB65000AC31B /* CollectionNormalCell.swift */; };
		464BFA131DB9CB65000AC31B /* CollectionNormalCell.xib in Resources */ = {isa = PBXBuildFile; fileRef = 464BFA111DB9CB65000AC31B /* CollectionNormalCell.xib */; };
		464BFA161DB9D816000AC31B /* CollectionPrettyCell.swift in Sources */ = {isa = PBXBuildFile; fileRef = 464BFA141DB9D816000AC31B /* CollectionPrettyCell.swift */; };
		464BFA171DB9D816000AC31B /* CollectionPrettyCell.xib in Resources */ = {isa = PBXBuildFile; fileRef = 464BFA151DB9D816000AC31B /* CollectionPrettyCell.xib */; };
		464BFA271DBA02C7000AC31B /* NetWorkTool.swift in Sources */ = {isa = PBXBuildFile; fileRef = 464BFA261DBA02C7000AC31B /* NetWorkTool.swift */; };
		464BFA2A1DBA0CD2000AC31B /* RecommendViewModel.swift in Sources */ = {isa = PBXBuildFile; fileRef = 464BFA291DBA0CD2000AC31B /* RecommendViewModel.swift */; };
		464BFA2C1DBA10C3000AC31B /* NSDate-Extension.swift in Sources */ = {isa = PBXBuildFile; fileRef = 464BFA2B1DBA10C3000AC31B /* NSDate-Extension.swift */; };
		464BFA2F1DBA14D3000AC31B /* AnchorGroup.swift in Sources */ = {isa = PBXBuildFile; fileRef = 464BFA2E1DBA14D3000AC31B /* AnchorGroup.swift */; };
		464BFA311DBA1963000AC31B /* AnchorModel.swift in Sources */ = {isa = PBXBuildFile; fileRef = 464BFA301DBA1963000AC31B /* AnchorModel.swift */; };
		465659B81DB858DA00F7FBE7 /* PageTitleView.swift in Sources */ = {isa = PBXBuildFile; fileRef = 465659B71DB858DA00F7FBE7 /* PageTitleView.swift */; };
		465659BA1DB85CA900F7FBE7 /* Content.swift in Sources */ = {isa = PBXBuildFile; fileRef = 465659B91DB85CA900F7FBE7 /* Content.swift */; };
		465659BC1DB88E3500F7FBE7 /* PageContentView.swift in Sources */ = {isa = PBXBuildFile; fileRef = 465659BB1DB88E3500F7FBE7 /* PageContentView.swift */; };
		465659BE1DB891A200F7FBE7 /* UIColor-Extention.swift in Sources */ = {isa = PBXBuildFile; fileRef = 465659BD1DB891A200F7FBE7 /* UIColor-Extention.swift */; };
		466788EF1DB761DB000405BF /* Home.storyboard in Resources */ = {isa = PBXBuildFile; fileRef = 466788ED1DB761DB000405BF /* Home.storyboard */; };
		466788F11DB76231000405BF /* Live.storyboard in Resources */ = {isa = PBXBuildFile; fileRef = 466788F01DB76231000405BF /* Live.storyboard */; };
		466788F41DB7625E000405BF /* Follow.storyboard in Resources */ = {isa = PBXBuildFile; fileRef = 466788F21DB7625E000405BF /* Follow.storyboard */; };
		466788F61DB7627A000405BF /* Mine.storyboard in Resources */ = {isa = PBXBuildFile; fileRef = 466788F51DB7627A000405BF /* Mine.storyboard */; };
		466789011DB76A94000405BF /* MainViewController.swift in Sources */ = {isa = PBXBuildFile; fileRef = 466788FE1DB76A94000405BF /* MainViewController.swift */; };
		4667890F1DB76B26000405BF /* HomeViewController.swift in Sources */ = {isa = PBXBuildFile; fileRef = 4667890E1DB76B26000405BF /* HomeViewController.swift */; };
		4695086E1DB7288100171DF8 /* AppDelegate.swift in Sources */ = {isa = PBXBuildFile; fileRef = 4695086D1DB7288100171DF8 /* AppDelegate.swift */; };
		469508731DB7288100171DF8 /* Main.storyboard in Resources */ = {isa = PBXBuildFile; fileRef = 469508711DB7288100171DF8 /* Main.storyboard */; };
		469508751DB7288100171DF8 /* Assets.xcassets in Resources */ = {isa = PBXBuildFile; fileRef = 469508741DB7288100171DF8 /* Assets.xcassets */; };
		469508781DB7288100171DF8 /* LaunchScreen.storyboard in Resources */ = {isa = PBXBuildFile; fileRef = 469508761DB7288100171DF8 /* LaunchScreen.storyboard */; };
		46A593C51DB777940091ECBA /* UIBarButton-Extension.swift in Sources */ = {isa = PBXBuildFile; fileRef = 46A593C41DB777940091ECBA /* UIBarButton-Extension.swift */; };
		46C594BB1DC727A20016A76E /* RecommendCycleView.xib in Resources */ = {isa = PBXBuildFile; fileRef = 46C594BA1DC727A20016A76E /* RecommendCycleView.xib */; };
		46C594BD1DC7388C0016A76E /* CycleModel.swift in Sources */ = {isa = PBXBuildFile; fileRef = 46C594BC1DC7388C0016A76E /* CycleModel.swift */; };
		46C594C01DC73DB50016A76E /* CollectionCycleCell.swift in Sources */ = {isa = PBXBuildFile; fileRef = 46C594BE1DC73DB50016A76E /* CollectionCycleCell.swift */; };
		46C594C31DC747A70016A76E /* CollectionCycleCell.xib in Resources */ = {isa = PBXBuildFile; fileRef = 46C594C21DC747A70016A76E /* CollectionCycleCell.xib */; };
		46C594C51DC74D9C0016A76E /* PersonViewController.swift in Sources */ = {isa = PBXBuildFile; fileRef = 46C594C41DC74D9C0016A76E /* PersonViewController.swift */; };
		46F0E7F41DD01FB70075DC48 /* RecommendGameView.swift in Sources */ = {isa = PBXBuildFile; fileRef = 46F0E7F31DD01FB70075DC48 /* RecommendGameView.swift */; };
		46F0E7F61DD01FC90075DC48 /* RecommendGameView.xib in Resources */ = {isa = PBXBuildFile; fileRef = 46F0E7F51DD01FC90075DC48 /* RecommendGameView.xib */; };
		46F0E7F91DD026E00075DC48 /* CollectionGameCell.swift in Sources */ = {isa = PBXBuildFile; fileRef = 46F0E7F71DD026E00075DC48 /* CollectionGameCell.swift */; };
		46F0E7FA1DD026E00075DC48 /* CollectionGameCell.xib in Resources */ = {isa = PBXBuildFile; fileRef = 46F0E7F81DD026E00075DC48 /* CollectionGameCell.xib */; };
		46F0E7FC1DD031D40075DC48 /* GameViewController.swift in Sources */ = {isa = PBXBuildFile; fileRef = 46F0E7FB1DD031D40075DC48 /* GameViewController.swift */; };
		46F0E7FE1DD058BA0075DC48 /* GameViewModel.swift in Sources */ = {isa = PBXBuildFile; fileRef = 46F0E7FD1DD058BA0075DC48 /* GameViewModel.swift */; };
		46F0E8001DD05CC80075DC48 /* GameModel.swift in Sources */ = {isa = PBXBuildFile; fileRef = 46F0E7FF1DD05CC80075DC48 /* GameModel.swift */; };
		46F0E8021DD05DC40075DC48 /* BaseGameModel.swift in Sources */ = {isa = PBXBuildFile; fileRef = 46F0E8011DD05DC40075DC48 /* BaseGameModel.swift */; };
		46F0E8041DD0714D0075DC48 /* AmuserViewController.swift in Sources */ = {isa = PBXBuildFile; fileRef = 46F0E8031DD0714D0075DC48 /* AmuserViewController.swift */; };
		46F0E8061DD073790075DC48 /* AmuseViewModel.swift in Sources */ = {isa = PBXBuildFile; fileRef = 46F0E8051DD073790075DC48 /* AmuseViewModel.swift */; };
		46F0E8081DD078280075DC48 /* BaseViewModel.swift in Sources */ = {isa = PBXBuildFile; fileRef = 46F0E8071DD078280075DC48 /* BaseViewModel.swift */; };
		46F0E80A1DD07AA50075DC48 /* BaseAnchorViewController.swift in Sources */ = {isa = PBXBuildFile; fileRef = 46F0E8091DD07AA50075DC48 /* BaseAnchorViewController.swift */; };
		62B138AF3DDAD0B66A9C7013 /* Pods___.framework in Frameworks */ = {isa = PBXBuildFile; fileRef = BEB70D99ABAE22D7CA3906E5 /* Pods___.framework */; };
/* End PBXBuildFile section */

/* Begin PBXFileReference section */
		4607CDCE1DC7148D000393C2 /* RecommendCycleView.swift */ = {isa = PBXFileReference; fileEncoding = 4; lastKnownFileType = sourcecode.swift; path = RecommendCycleView.swift; sourceTree = "<group>"; };
		464BFA0A1DB9B6E7000AC31B /* RecommendUIViewController.swift */ = {isa = PBXFileReference; fileEncoding = 4; lastKnownFileType = sourcecode.swift; path = RecommendUIViewController.swift; sourceTree = "<group>"; };
		464BFA0C1DB9C735000AC31B /* CollectionHeaderView.swift */ = {isa = PBXFileReference; fileEncoding = 4; lastKnownFileType = sourcecode.swift; path = CollectionHeaderView.swift; sourceTree = "<group>"; };
		464BFA0D1DB9C735000AC31B /* CollectionHeaderView.xib */ = {isa = PBXFileReference; fileEncoding = 4; lastKnownFileType = file.xib; path = CollectionHeaderView.xib; sourceTree = "<group>"; };
		464BFA101DB9CB65000AC31B /* CollectionNormalCell.swift */ = {isa = PBXFileReference; fileEncoding = 4; lastKnownFileType = sourcecode.swift; path = CollectionNormalCell.swift; sourceTree = "<group>"; };
		464BFA111DB9CB65000AC31B /* CollectionNormalCell.xib */ = {isa = PBXFileReference; fileEncoding = 4; lastKnownFileType = file.xib; path = CollectionNormalCell.xib; sourceTree = "<group>"; };
		464BFA141DB9D816000AC31B /* CollectionPrettyCell.swift */ = {isa = PBXFileReference; fileEncoding = 4; lastKnownFileType = sourcecode.swift; path = CollectionPrettyCell.swift; sourceTree = "<group>"; };
		464BFA151DB9D816000AC31B /* CollectionPrettyCell.xib */ = {isa = PBXFileReference; fileEncoding = 4; lastKnownFileType = file.xib; path = CollectionPrettyCell.xib; sourceTree = "<group>"; };
		464BFA181DB9FF1D000AC31B /* Alamofire.framework */ = {isa = PBXFileReference; lastKnownFileType = wrapper.framework; name = Alamofire.framework; path = "Pods/../build/Debug-iphoneos/Alamofire/Alamofire.framework"; sourceTree = "<group>"; };
		464BFA261DBA02C7000AC31B /* NetWorkTool.swift */ = {isa = PBXFileReference; fileEncoding = 4; lastKnownFileType = sourcecode.swift; path = NetWorkTool.swift; sourceTree = "<group>"; };
		464BFA291DBA0CD2000AC31B /* RecommendViewModel.swift */ = {isa = PBXFileReference; fileEncoding = 4; lastKnownFileType = sourcecode.swift; path = RecommendViewModel.swift; sourceTree = "<group>"; };
		464BFA2B1DBA10C3000AC31B /* NSDate-Extension.swift */ = {isa = PBXFileReference; fileEncoding = 4; lastKnownFileType = sourcecode.swift; path = "NSDate-Extension.swift"; sourceTree = "<group>"; };
		464BFA2E1DBA14D3000AC31B /* AnchorGroup.swift */ = {isa = PBXFileReference; fileEncoding = 4; lastKnownFileType = sourcecode.swift; path = AnchorGroup.swift; sourceTree = "<group>"; };
		464BFA301DBA1963000AC31B /* AnchorModel.swift */ = {isa = PBXFileReference; fileEncoding = 4; lastKnownFileType = sourcecode.swift; path = AnchorModel.swift; sourceTree = "<group>"; };
		465659B71DB858DA00F7FBE7 /* PageTitleView.swift */ = {isa = PBXFileReference; fileEncoding = 4; lastKnownFileType = sourcecode.swift; path = PageTitleView.swift; sourceTree = "<group>"; };
		465659B91DB85CA900F7FBE7 /* Content.swift */ = {isa = PBXFileReference; fileEncoding = 4; lastKnownFileType = sourcecode.swift; path = Content.swift; sourceTree = "<group>"; };
		465659BB1DB88E3500F7FBE7 /* PageContentView.swift */ = {isa = PBXFileReference; fileEncoding = 4; lastKnownFileType = sourcecode.swift; path = PageContentView.swift; sourceTree = "<group>"; };
		465659BD1DB891A200F7FBE7 /* UIColor-Extention.swift */ = {isa = PBXFileReference; fileEncoding = 4; lastKnownFileType = sourcecode.swift; path = "UIColor-Extention.swift"; sourceTree = "<group>"; };
		466788EE1DB761DB000405BF /* Base */ = {isa = PBXFileReference; lastKnownFileType = file.storyboard; name = Base; path = "斗鱼/Base.lproj/Home.storyboard"; sourceTree = SOURCE_ROOT; };
		466788F01DB76231000405BF /* Live.storyboard */ = {isa = PBXFileReference; fileEncoding = 4; lastKnownFileType = file.storyboard; name = Live.storyboard; path = ../../Main/Live.storyboard; sourceTree = "<group>"; };
		466788F31DB7625E000405BF /* Base */ = {isa = PBXFileReference; lastKnownFileType = file.storyboard; name = Base; path = "斗鱼/Base.lproj/Follow.storyboard"; sourceTree = SOURCE_ROOT; };
		466788F51DB7627A000405BF /* Mine.storyboard */ = {isa = PBXFileReference; fileEncoding = 4; lastKnownFileType = file.storyboard; name = Mine.storyboard; path = ../../Main/Mine.storyboard; sourceTree = "<group>"; };
		466788FE1DB76A94000405BF /* MainViewController.swift */ = {isa = PBXFileReference; fileEncoding = 4; lastKnownFileType = sourcecode.swift; path = MainViewController.swift; sourceTree = "<group>"; };
		4667890E1DB76B26000405BF /* HomeViewController.swift */ = {isa = PBXFileReference; fileEncoding = 4; lastKnownFileType = sourcecode.swift; path = HomeViewController.swift; sourceTree = "<group>"; };
		4695086A1DB7288100171DF8 /* 斗鱼.app */ = {isa = PBXFileReference; explicitFileType = wrapper.application; includeInIndex = 0; path = "斗鱼.app"; sourceTree = BUILT_PRODUCTS_DIR; };
		4695086D1DB7288100171DF8 /* AppDelegate.swift */ = {isa = PBXFileReference; lastKnownFileType = sourcecode.swift; path = AppDelegate.swift; sourceTree = "<group>"; };
		469508721DB7288100171DF8 /* Base */ = {isa = PBXFileReference; lastKnownFileType = file.storyboard; name = Base; path = Base.lproj/Main.storyboard; sourceTree = "<group>"; };
		469508741DB7288100171DF8 /* Assets.xcassets */ = {isa = PBXFileReference; lastKnownFileType = folder.assetcatalog; path = Assets.xcassets; sourceTree = "<group>"; };
		469508771DB7288100171DF8 /* Base */ = {isa = PBXFileReference; lastKnownFileType = file.storyboard; name = Base; path = Base.lproj/LaunchScreen.storyboard; sourceTree = "<group>"; };
		469508791DB7288100171DF8 /* Info.plist */ = {isa = PBXFileReference; lastKnownFileType = text.plist.xml; path = Info.plist; sourceTree = "<group>"; };
		46A593C41DB777940091ECBA /* UIBarButton-Extension.swift */ = {isa = PBXFileReference; fileEncoding = 4; lastKnownFileType = sourcecode.swift; path = "UIBarButton-Extension.swift"; sourceTree = "<group>"; };
		46C594BA1DC727A20016A76E /* RecommendCycleView.xib */ = {isa = PBXFileReference; fileEncoding = 4; lastKnownFileType = file.xib; path = RecommendCycleView.xib; sourceTree = "<group>"; };
		46C594BC1DC7388C0016A76E /* CycleModel.swift */ = {isa = PBXFileReference; fileEncoding = 4; lastKnownFileType = sourcecode.swift; path = CycleModel.swift; sourceTree = "<group>"; };
		46C594BE1DC73DB50016A76E /* CollectionCycleCell.swift */ = {isa = PBXFileReference; fileEncoding = 4; lastKnownFileType = sourcecode.swift; path = CollectionCycleCell.swift; sourceTree = "<group>"; };
		46C594C21DC747A70016A76E /* CollectionCycleCell.xib */ = {isa = PBXFileReference; fileEncoding = 4; lastKnownFileType = file.xib; path = CollectionCycleCell.xib; sourceTree = "<group>"; };
		46C594C41DC74D9C0016A76E /* PersonViewController.swift */ = {isa = PBXFileReference; fileEncoding = 4; lastKnownFileType = sourcecode.swift; path = PersonViewController.swift; sourceTree = "<group>"; };
		46F0E7F31DD01FB70075DC48 /* RecommendGameView.swift */ = {isa = PBXFileReference; fileEncoding = 4; lastKnownFileType = sourcecode.swift; path = RecommendGameView.swift; sourceTree = "<group>"; };
		46F0E7F51DD01FC90075DC48 /* RecommendGameView.xib */ = {isa = PBXFileReference; fileEncoding = 4; lastKnownFileType = file.xib; path = RecommendGameView.xib; sourceTree = "<group>"; };
		46F0E7F71DD026E00075DC48 /* CollectionGameCell.swift */ = {isa = PBXFileReference; fileEncoding = 4; lastKnownFileType = sourcecode.swift; path = CollectionGameCell.swift; sourceTree = "<group>"; };
		46F0E7F81DD026E00075DC48 /* CollectionGameCell.xib */ = {isa = PBXFileReference; fileEncoding = 4; lastKnownFileType = file.xib; path = CollectionGameCell.xib; sourceTree = "<group>"; };
		46F0E7FB1DD031D40075DC48 /* GameViewController.swift */ = {isa = PBXFileReference; fileEncoding = 4; lastKnownFileType = sourcecode.swift; path = GameViewController.swift; sourceTree = "<group>"; };
		46F0E7FD1DD058BA0075DC48 /* GameViewModel.swift */ = {isa = PBXFileReference; fileEncoding = 4; lastKnownFileType = sourcecode.swift; path = GameViewModel.swift; sourceTree = "<group>"; };
		46F0E7FF1DD05CC80075DC48 /* GameModel.swift */ = {isa = PBXFileReference; fileEncoding = 4; lastKnownFileType = sourcecode.swift; path = GameModel.swift; sourceTree = "<group>"; };
		46F0E8011DD05DC40075DC48 /* BaseGameModel.swift */ = {isa = PBXFileReference; fileEncoding = 4; lastKnownFileType = sourcecode.swift; path = BaseGameModel.swift; sourceTree = "<group>"; };
		46F0E8031DD0714D0075DC48 /* AmuserViewController.swift */ = {isa = PBXFileReference; fileEncoding = 4; lastKnownFileType = sourcecode.swift; path = AmuserViewController.swift; sourceTree = "<group>"; };
		46F0E8051DD073790075DC48 /* AmuseViewModel.swift */ = {isa = PBXFileReference; fileEncoding = 4; lastKnownFileType = sourcecode.swift; path = AmuseViewModel.swift; sourceTree = "<group>"; };
		46F0E8071DD078280075DC48 /* BaseViewModel.swift */ = {isa = PBXFileReference; fileEncoding = 4; lastKnownFileType = sourcecode.swift; path = BaseViewModel.swift; sourceTree = "<group>"; };
		46F0E8091DD07AA50075DC48 /* BaseAnchorViewController.swift */ = {isa = PBXFileReference; fileEncoding = 4; lastKnownFileType = sourcecode.swift; path = BaseAnchorViewController.swift; sourceTree = "<group>"; };
		75D36C4CE51F2569C638C786 /* Pods-斗鱼.release.xcconfig */ = {isa = PBXFileReference; includeInIndex = 1; lastKnownFileType = text.xcconfig; name = "Pods-斗鱼.release.xcconfig"; path = "Pods/Target Support Files/Pods-斗鱼/Pods-斗鱼.release.xcconfig"; sourceTree = "<group>"; };
		BEB70D99ABAE22D7CA3906E5 /* Pods___.framework */ = {isa = PBXFileReference; explicitFileType = wrapper.framework; includeInIndex = 0; path = "Pods___.framework"; sourceTree = BUILT_PRODUCTS_DIR; };
		ECC085416479874AC3BFC717 /* Pods-斗鱼.debug.xcconfig */ = {isa = PBXFileReference; includeInIndex = 1; lastKnownFileType = text.xcconfig; name = "Pods-斗鱼.debug.xcconfig"; path = "Pods/Target Support Files/Pods-斗鱼/Pods-斗鱼.debug.xcconfig"; sourceTree = "<group>"; };
/* End PBXFileReference section */

/* Begin PBXFrameworksBuildPhase section */
		469508671DB7288000171DF8 /* Frameworks */ = {
			isa = PBXFrameworksBuildPhase;
			buildActionMask = 2147483647;
			files = (
				62B138AF3DDAD0B66A9C7013 /* Pods___.framework in Frameworks */,
			);
			runOnlyForDeploymentPostprocessing = 0;
		};
/* End PBXFrameworksBuildPhase section */

/* Begin PBXGroup section */
		464BFA251DBA0298000AC31B /* NetWorkTool */ = {
			isa = PBXGroup;
			children = (
				464BFA261DBA02C7000AC31B /* NetWorkTool.swift */,
			);
			path = NetWorkTool;
			sourceTree = "<group>";
		};
		464BFA281DBA0BC3000AC31B /* ViewModel */ = {
			isa = PBXGroup;
			children = (
				464BFA291DBA0CD2000AC31B /* RecommendViewModel.swift */,
				46F0E7FD1DD058BA0075DC48 /* GameViewModel.swift */,
				46F0E8051DD073790075DC48 /* AmuseViewModel.swift */,
			);
			path = ViewModel;
			sourceTree = "<group>";
		};
		464BFA2D1DBA1493000AC31B /* ViewModel */ = {
			isa = PBXGroup;
			children = (
				46F0E8071DD078280075DC48 /* BaseViewModel.swift */,
			);
			path = ViewModel;
			sourceTree = "<group>";
		};
		466788F81DB763BA000405BF /* Person */ = {
			isa = PBXGroup;
			children = (
				4667890C1DB76ABF000405BF /* Model */,
				4667890D1DB76ABF000405BF /* View */,
				4667890B1DB76ABF000405BF /* Controller */,
			);
			path = Person;
			sourceTree = "<group>";
		};
		466788FD1DB76A94000405BF /* Controller */ = {
			isa = PBXGroup;
			children = (
				469508711DB7288100171DF8 /* Main.storyboard */,
				466788FE1DB76A94000405BF /* MainViewController.swift */,
				465659B71DB858DA00F7FBE7 /* PageTitleView.swift */,
				465659BB1DB88E3500F7FBE7 /* PageContentView.swift */,
				46F0E8091DD07AA50075DC48 /* BaseAnchorViewController.swift */,
			);
			path = Controller;
			sourceTree = "<group>";
		};
		466788FF1DB76A94000405BF /* Model */ = {
			isa = PBXGroup;
			children = (
				46F0E8011DD05DC40075DC48 /* BaseGameModel.swift */,
				464BFA2E1DBA14D3000AC31B /* AnchorGroup.swift */,
				464BFA301DBA1963000AC31B /* AnchorModel.swift */,
			);
			path = Model;
			sourceTree = "<group>";
		};
		466789001DB76A94000405BF /* View */ = {
			isa = PBXGroup;
			children = (
				464BFA101DB9CB65000AC31B /* CollectionNormalCell.swift */,
				464BFA111DB9CB65000AC31B /* CollectionNormalCell.xib */,
				464BFA141DB9D816000AC31B /* CollectionPrettyCell.swift */,
				464BFA151DB9D816000AC31B /* CollectionPrettyCell.xib */,
			);
			path = View;
			sourceTree = "<group>";
		};
		466789021DB76A9E000405BF /* Controller */ = {
			isa = PBXGroup;
			children = (
				466788ED1DB761DB000405BF /* Home.storyboard */,
				4667890E1DB76B26000405BF /* HomeViewController.swift */,
				464BFA0A1DB9B6E7000AC31B /* RecommendUIViewController.swift */,
				46F0E7FB1DD031D40075DC48 /* GameViewController.swift */,
				46F0E8031DD0714D0075DC48 /* AmuserViewController.swift */,
			);
			path = Controller;
			sourceTree = "<group>";
		};
		466789031DB76A9E000405BF /* Model */ = {
			isa = PBXGroup;
			children = (
				46C594BC1DC7388C0016A76E /* CycleModel.swift */,
				46F0E7FF1DD05CC80075DC48 /* GameModel.swift */,
			);
			path = Model;
			sourceTree = "<group>";
		};
		466789041DB76A9E000405BF /* View */ = {
			isa = PBXGroup;
			children = (
				464BFA0C1DB9C735000AC31B /* CollectionHeaderView.swift */,
				464BFA0D1DB9C735000AC31B /* CollectionHeaderView.xib */,
				46F0E7F31DD01FB70075DC48 /* RecommendGameView.swift */,
				46F0E7F51DD01FC90075DC48 /* RecommendGameView.xib */,
				4607CDCE1DC7148D000393C2 /* RecommendCycleView.swift */,
				46C594BA1DC727A20016A76E /* RecommendCycleView.xib */,
				46C594BE1DC73DB50016A76E /* CollectionCycleCell.swift */,
				46C594C21DC747A70016A76E /* CollectionCycleCell.xib */,
				46F0E7F71DD026E00075DC48 /* CollectionGameCell.swift */,
				46F0E7F81DD026E00075DC48 /* CollectionGameCell.xib */,
			);
			path = View;
			sourceTree = "<group>";
		};
		466789051DB76AA9000405BF /* Controller */ = {
			isa = PBXGroup;
			children = (
				466788F21DB7625E000405BF /* Follow.storyboard */,
			);
			path = Controller;
			sourceTree = "<group>";
		};
		466789061DB76AA9000405BF /* Model */ = {
			isa = PBXGroup;
			children = (
			);
			path = Model;
			sourceTree = "<group>";
		};
		466789071DB76AA9000405BF /* View */ = {
			isa = PBXGroup;
			children = (
			);
			path = View;
			sourceTree = "<group>";
		};
		466789081DB76AB3000405BF /* Controller */ = {
			isa = PBXGroup;
			children = (
				466788F01DB76231000405BF /* Live.storyboard */,
			);
			path = Controller;
			sourceTree = "<group>";
		};
		466789091DB76AB3000405BF /* Model */ = {
			isa = PBXGroup;
			children = (
			);
			path = Model;
			sourceTree = "<group>";
		};
		4667890A1DB76AB3000405BF /* View */ = {
			isa = PBXGroup;
			children = (
			);
			path = View;
			sourceTree = "<group>";
		};
		4667890B1DB76ABF000405BF /* Controller */ = {
			isa = PBXGroup;
			children = (
				466788F51DB7627A000405BF /* Mine.storyboard */,
				46C594C41DC74D9C0016A76E /* PersonViewController.swift */,
			);
			path = Controller;
			sourceTree = "<group>";
		};
		4667890C1DB76ABF000405BF /* Model */ = {
			isa = PBXGroup;
			children = (
			);
			path = Model;
			sourceTree = "<group>";
		};
		4667890D1DB76ABF000405BF /* View */ = {
			isa = PBXGroup;
			children = (
			);
			path = View;
			sourceTree = "<group>";
		};
		469508611DB7288000171DF8 = {
			isa = PBXGroup;
			children = (
				4695086C1DB7288100171DF8 /* 斗鱼 */,
				4695086B1DB7288100171DF8 /* Products */,
				64605DC703023CB394C15410 /* Pods */,
				B1FAFEFB982C6CB77A0BF923 /* Frameworks */,
			);
			sourceTree = "<group>";
		};
		4695086B1DB7288100171DF8 /* Products */ = {
			isa = PBXGroup;
			children = (
				4695086A1DB7288100171DF8 /* 斗鱼.app */,
			);
			name = Products;
			sourceTree = "<group>";
		};
		4695086C1DB7288100171DF8 /* 斗鱼 */ = {
			isa = PBXGroup;
			children = (
				4695086D1DB7288100171DF8 /* AppDelegate.swift */,
				4695087F1DB7565000171DF8 /* Classes */,
				46A593C21DB776890091ECBA /* Tools */,
				469508741DB7288100171DF8 /* Assets.xcassets */,
				469508761DB7288100171DF8 /* LaunchScreen.storyboard */,
				469508791DB7288100171DF8 /* Info.plist */,
			);
			path = "斗鱼";
			sourceTree = "<group>";
		};
		4695087F1DB7565000171DF8 /* Classes */ = {
			isa = PBXGroup;
			children = (
				469508831DB7565000171DF8 /* Main */,
				469508811DB7565000171DF8 /* Home */,
				466788F81DB763BA000405BF /* Person */,
				469508821DB7565000171DF8 /* Live */,
				469508801DB7565000171DF8 /* Follow */,
			);
			path = Classes;
			sourceTree = "<group>";
		};
		469508801DB7565000171DF8 /* Follow */ = {
			isa = PBXGroup;
			children = (
				466789061DB76AA9000405BF /* Model */,
				466789071DB76AA9000405BF /* View */,
				466789051DB76AA9000405BF /* Controller */,
			);
			path = Follow;
			sourceTree = "<group>";
		};
		469508811DB7565000171DF8 /* Home */ = {
			isa = PBXGroup;
			children = (
				464BFA281DBA0BC3000AC31B /* ViewModel */,
				466789031DB76A9E000405BF /* Model */,
				466789041DB76A9E000405BF /* View */,
				466789021DB76A9E000405BF /* Controller */,
			);
			path = Home;
			sourceTree = "<group>";
		};
		469508821DB7565000171DF8 /* Live */ = {
			isa = PBXGroup;
			children = (
				466789091DB76AB3000405BF /* Model */,
				4667890A1DB76AB3000405BF /* View */,
				466789081DB76AB3000405BF /* Controller */,
			);
			path = Live;
			sourceTree = "<group>";
		};
		469508831DB7565000171DF8 /* Main */ = {
			isa = PBXGroup;
			children = (
				464BFA2D1DBA1493000AC31B /* ViewModel */,
				466788FF1DB76A94000405BF /* Model */,
				466789001DB76A94000405BF /* View */,
				466788FD1DB76A94000405BF /* Controller */,
			);
			path = Main;
			sourceTree = "<group>";
		};
		46A593C21DB776890091ECBA /* Tools */ = {
			isa = PBXGroup;
			children = (
				464BFA251DBA0298000AC31B /* NetWorkTool */,
				46A593C31DB776890091ECBA /* Extension */,
				465659B91DB85CA900F7FBE7 /* Content.swift */,
			);
			name = Tools;
			path = Classes/Tools;
			sourceTree = "<group>";
		};
		46A593C31DB776890091ECBA /* Extension */ = {
			isa = PBXGroup;
			children = (
				46A593C41DB777940091ECBA /* UIBarButton-Extension.swift */,
				465659BD1DB891A200F7FBE7 /* UIColor-Extention.swift */,
				464BFA2B1DBA10C3000AC31B /* NSDate-Extension.swift */,
			);
			path = Extension;
			sourceTree = "<group>";
		};
		64605DC703023CB394C15410 /* Pods */ = {
			isa = PBXGroup;
			children = (
				ECC085416479874AC3BFC717 /* Pods-斗鱼.debug.xcconfig */,
				75D36C4CE51F2569C638C786 /* Pods-斗鱼.release.xcconfig */,
			);
			name = Pods;
			sourceTree = "<group>";
		};
		B1FAFEFB982C6CB77A0BF923 /* Frameworks */ = {
			isa = PBXGroup;
			children = (
				464BFA181DB9FF1D000AC31B /* Alamofire.framework */,
				BEB70D99ABAE22D7CA3906E5 /* Pods___.framework */,
			);
			name = Frameworks;
			sourceTree = "<group>";
		};
/* End PBXGroup section */

/* Begin PBXNativeTarget section */
		469508691DB7288000171DF8 /* 斗鱼 */ = {
			isa = PBXNativeTarget;
			buildConfigurationList = 4695087C1DB7288100171DF8 /* Build configuration list for PBXNativeTarget "斗鱼" */;
			buildPhases = (
				5DC5C499609818067EB2B9CE /* 📦 Check Pods Manifest.lock */,
				469508661DB7288000171DF8 /* Sources */,
				469508671DB7288000171DF8 /* Frameworks */,
				469508681DB7288000171DF8 /* Resources */,
				06E13EF5C15D93F89B24A590 /* 📦 Embed Pods Frameworks */,
				C7DCF4F48469F17E542240A2 /* 📦 Copy Pods Resources */,
			);
			buildRules = (
			);
			dependencies = (
			);
			name = "斗鱼";
			productName = "斗鱼";
			productReference = 4695086A1DB7288100171DF8 /* 斗鱼.app */;
			productType = "com.apple.product-type.application";
		};
/* End PBXNativeTarget section */

/* Begin PBXProject section */
		469508621DB7288000171DF8 /* Project object */ = {
			isa = PBXProject;
			attributes = {
				LastSwiftUpdateCheck = 0800;
				LastUpgradeCheck = 0800;
				ORGANIZATIONNAME = "Yulu Zhang";
				TargetAttributes = {
					469508691DB7288000171DF8 = {
						CreatedOnToolsVersion = 8.0;
						DevelopmentTeam = EFQPYM2JJ7;
						ProvisioningStyle = Automatic;
					};
				};
			};
			buildConfigurationList = 469508651DB7288000171DF8 /* Build configuration list for PBXProject "斗鱼" */;
			compatibilityVersion = "Xcode 3.2";
			developmentRegion = English;
			hasScannedForEncodings = 0;
			knownRegions = (
				en,
				Base,
			);
			mainGroup = 469508611DB7288000171DF8;
			productRefGroup = 4695086B1DB7288100171DF8 /* Products */;
			projectDirPath = "";
			projectRoot = "";
			targets = (
				469508691DB7288000171DF8 /* 斗鱼 */,
			);
		};
/* End PBXProject section */

/* Begin PBXResourcesBuildPhase section */
		469508681DB7288000171DF8 /* Resources */ = {
			isa = PBXResourcesBuildPhase;
			buildActionMask = 2147483647;
			files = (
				469508781DB7288100171DF8 /* LaunchScreen.storyboard in Resources */,
				464BFA0F1DB9C735000AC31B /* CollectionHeaderView.xib in Resources */,
				464BFA131DB9CB65000AC31B /* CollectionNormalCell.xib in Resources */,
				469508751DB7288100171DF8 /* Assets.xcassets in Resources */,
				469508731DB7288100171DF8 /* Main.storyboard in Resources */,
				466788F11DB76231000405BF /* Live.storyboard in Resources */,
				466788F61DB7627A000405BF /* Mine.storyboard in Resources */,
				46F0E7FA1DD026E00075DC48 /* CollectionGameCell.xib in Resources */,
				46C594BB1DC727A20016A76E /* RecommendCycleView.xib in Resources */,
				46C594C31DC747A70016A76E /* CollectionCycleCell.xib in Resources */,
				464BFA171DB9D816000AC31B /* CollectionPrettyCell.xib in Resources */,
				466788EF1DB761DB000405BF /* Home.storyboard in Resources */,
				46F0E7F61DD01FC90075DC48 /* RecommendGameView.xib in Resources */,
				466788F41DB7625E000405BF /* Follow.storyboard in Resources */,
			);
			runOnlyForDeploymentPostprocessing = 0;
		};
/* End PBXResourcesBuildPhase section */

/* Begin PBXShellScriptBuildPhase section */
		06E13EF5C15D93F89B24A590 /* 📦 Embed Pods Frameworks */ = {
			isa = PBXShellScriptBuildPhase;
			buildActionMask = 2147483647;
			files = (
			);
			inputPaths = (
			);
			name = "📦 Embed Pods Frameworks";
			outputPaths = (
			);
			runOnlyForDeploymentPostprocessing = 0;
			shellPath = /bin/sh;
			shellScript = "\"${SRCROOT}/Pods/Target Support Files/Pods-斗鱼/Pods-斗鱼-frameworks.sh\"\n";
			showEnvVarsInLog = 0;
		};
		5DC5C499609818067EB2B9CE /* 📦 Check Pods Manifest.lock */ = {
			isa = PBXShellScriptBuildPhase;
			buildActionMask = 2147483647;
			files = (
			);
			inputPaths = (
			);
			name = "📦 Check Pods Manifest.lock";
			outputPaths = (
			);
			runOnlyForDeploymentPostprocessing = 0;
			shellPath = /bin/sh;
			shellScript = "diff \"${PODS_ROOT}/../Podfile.lock\" \"${PODS_ROOT}/Manifest.lock\" > /dev/null\nif [[ $? != 0 ]] ; then\n    cat << EOM\nerror: The sandbox is not in sync with the Podfile.lock. Run 'pod install' or update your CocoaPods installation.\nEOM\n    exit 1\nfi\n";
			showEnvVarsInLog = 0;
		};
		C7DCF4F48469F17E542240A2 /* 📦 Copy Pods Resources */ = {
			isa = PBXShellScriptBuildPhase;
			buildActionMask = 2147483647;
			files = (
			);
			inputPaths = (
			);
			name = "📦 Copy Pods Resources";
			outputPaths = (
			);
			runOnlyForDeploymentPostprocessing = 0;
			shellPath = /bin/sh;
			shellScript = "\"${SRCROOT}/Pods/Target Support Files/Pods-斗鱼/Pods-斗鱼-resources.sh\"\n";
			showEnvVarsInLog = 0;
		};
/* End PBXShellScriptBuildPhase section */

/* Begin PBXSourcesBuildPhase section */
		469508661DB7288000171DF8 /* Sources */ = {
			isa = PBXSourcesBuildPhase;
			buildActionMask = 2147483647;
			files = (
				46F0E7FE1DD058BA0075DC48 /* GameViewModel.swift in Sources */,
				464BFA0B1DB9B6E7000AC31B /* RecommendUIViewController.swift in Sources */,
				46F0E8061DD073790075DC48 /* AmuseViewModel.swift in Sources */,
				464BFA0E1DB9C735000AC31B /* CollectionHeaderView.swift in Sources */,
				4695086E1DB7288100171DF8 /* AppDelegate.swift in Sources */,
				466789011DB76A94000405BF /* MainViewController.swift in Sources */,
				46F0E80A1DD07AA50075DC48 /* BaseAnchorViewController.swift in Sources */,
				46F0E7FC1DD031D40075DC48 /* GameViewController.swift in Sources */,
				464BFA2F1DBA14D3000AC31B /* AnchorGroup.swift in Sources */,
				465659BE1DB891A200F7FBE7 /* UIColor-Extention.swift in Sources */,
				465659B81DB858DA00F7FBE7 /* PageTitleView.swift in Sources */,
				465659BC1DB88E3500F7FBE7 /* PageContentView.swift in Sources */,
				46F0E8081DD078280075DC48 /* BaseViewModel.swift in Sources */,
				4607CDCF1DC7148D000393C2 /* RecommendCycleView.swift in Sources */,
				46F0E8001DD05CC80075DC48 /* GameModel.swift in Sources */,
				46F0E8021DD05DC40075DC48 /* BaseGameModel.swift in Sources */,
				4667890F1DB76B26000405BF /* HomeViewController.swift in Sources */,
				46A593C51DB777940091ECBA /* UIBarButton-Extension.swift in Sources */,
				464BFA161DB9D816000AC31B /* CollectionPrettyCell.swift in Sources */,
				464BFA2C1DBA10C3000AC31B /* NSDate-Extension.swift in Sources */,
				46F0E7F41DD01FB70075DC48 /* RecommendGameView.swift in Sources */,
				46C594C51DC74D9C0016A76E /* PersonViewController.swift in Sources */,
				464BFA121DB9CB65000AC31B /* CollectionNormalCell.swift in Sources */,
				46C594BD1DC7388C0016A76E /* CycleModel.swift in Sources */,
				46F0E8041DD0714D0075DC48 /* AmuserViewController.swift in Sources */,
				465659BA1DB85CA900F7FBE7 /* Content.swift in Sources */,
				46F0E7F91DD026E00075DC48 /* CollectionGameCell.swift in Sources */,
				46C594C01DC73DB50016A76E /* CollectionCycleCell.swift in Sources */,
				464BFA271DBA02C7000AC31B /* NetWorkTool.swift in Sources */,
				464BFA2A1DBA0CD2000AC31B /* RecommendViewModel.swift in Sources */,
				464BFA311DBA1963000AC31B /* AnchorModel.swift in Sources */,
			);
			runOnlyForDeploymentPostprocessing = 0;
		};
/* End PBXSourcesBuildPhase section */

/* Begin PBXVariantGroup section */
		466788ED1DB761DB000405BF /* Home.storyboard */ = {
			isa = PBXVariantGroup;
			children = (
				466788EE1DB761DB000405BF /* Base */,
			);
			name = Home.storyboard;
			path = ../../Main;
			sourceTree = "<group>";
		};
		466788F21DB7625E000405BF /* Follow.storyboard */ = {
			isa = PBXVariantGroup;
			children = (
				466788F31DB7625E000405BF /* Base */,
			);
			name = Follow.storyboard;
			path = ../../Main;
			sourceTree = "<group>";
		};
		469508711DB7288100171DF8 /* Main.storyboard */ = {
			isa = PBXVariantGroup;
			children = (
				469508721DB7288100171DF8 /* Base */,
			);
			name = Main.storyboard;
			path = ../../..;
			sourceTree = "<group>";
		};
		469508761DB7288100171DF8 /* LaunchScreen.storyboard */ = {
			isa = PBXVariantGroup;
			children = (
				469508771DB7288100171DF8 /* Base */,
			);
			name = LaunchScreen.storyboard;
			sourceTree = "<group>";
		};
/* End PBXVariantGroup section */

/* Begin XCBuildConfiguration section */
		4695087A1DB7288100171DF8 /* Debug */ = {
			isa = XCBuildConfiguration;
			buildSettings = {
				ALWAYS_SEARCH_USER_PATHS = NO;
				CLANG_ANALYZER_NONNULL = YES;
				CLANG_CXX_LANGUAGE_STANDARD = "gnu++0x";
				CLANG_CXX_LIBRARY = "libc++";
				CLANG_ENABLE_MODULES = YES;
				CLANG_ENABLE_OBJC_ARC = YES;
				CLANG_WARN_BOOL_CONVERSION = YES;
				CLANG_WARN_CONSTANT_CONVERSION = YES;
				CLANG_WARN_DIRECT_OBJC_ISA_USAGE = YES_ERROR;
				CLANG_WARN_DOCUMENTATION_COMMENTS = YES;
				CLANG_WARN_EMPTY_BODY = YES;
				CLANG_WARN_ENUM_CONVERSION = YES;
				CLANG_WARN_INFINITE_RECURSION = YES;
				CLANG_WARN_INT_CONVERSION = YES;
				CLANG_WARN_OBJC_ROOT_CLASS = YES_ERROR;
				CLANG_WARN_SUSPICIOUS_MOVES = YES;
				CLANG_WARN_UNREACHABLE_CODE = YES;
				CLANG_WARN__DUPLICATE_METHOD_MATCH = YES;
				"CODE_SIGN_IDENTITY[sdk=iphoneos*]" = "iPhone Developer";
				COPY_PHASE_STRIP = NO;
				DEBUG_INFORMATION_FORMAT = dwarf;
				ENABLE_STRICT_OBJC_MSGSEND = YES;
				ENABLE_TESTABILITY = YES;
				GCC_C_LANGUAGE_STANDARD = gnu99;
				GCC_DYNAMIC_NO_PIC = NO;
				GCC_NO_COMMON_BLOCKS = YES;
				GCC_OPTIMIZATION_LEVEL = 0;
				GCC_PREPROCESSOR_DEFINITIONS = (
					"DEBUG=1",
					"$(inherited)",
				);
				GCC_WARN_64_TO_32_BIT_CONVERSION = YES;
				GCC_WARN_ABOUT_RETURN_TYPE = YES_ERROR;
				GCC_WARN_UNDECLARED_SELECTOR = YES;
				GCC_WARN_UNINITIALIZED_AUTOS = YES_AGGRESSIVE;
				GCC_WARN_UNUSED_FUNCTION = YES;
				GCC_WARN_UNUSED_VARIABLE = YES;
				IPHONEOS_DEPLOYMENT_TARGET = 10.0;
				MTL_ENABLE_DEBUG_INFO = YES;
				ONLY_ACTIVE_ARCH = YES;
				SDKROOT = iphoneos;
				SWIFT_ACTIVE_COMPILATION_CONDITIONS = DEBUG;
				SWIFT_OPTIMIZATION_LEVEL = "-Onone";
				TARGETED_DEVICE_FAMILY = "1,2";
			};
			name = Debug;
		};
		4695087B1DB7288100171DF8 /* Release */ = {
			isa = XCBuildConfiguration;
			buildSettings = {
				ALWAYS_SEARCH_USER_PATHS = NO;
				CLANG_ANALYZER_NONNULL = YES;
				CLANG_CXX_LANGUAGE_STANDARD = "gnu++0x";
				CLANG_CXX_LIBRARY = "libc++";
				CLANG_ENABLE_MODULES = YES;
				CLANG_ENABLE_OBJC_ARC = YES;
				CLANG_WARN_BOOL_CONVERSION = YES;
				CLANG_WARN_CONSTANT_CONVERSION = YES;
				CLANG_WARN_DIRECT_OBJC_ISA_USAGE = YES_ERROR;
				CLANG_WARN_DOCUMENTATION_COMMENTS = YES;
				CLANG_WARN_EMPTY_BODY = YES;
				CLANG_WARN_ENUM_CONVERSION = YES;
				CLANG_WARN_INFINITE_RECURSION = YES;
				CLANG_WARN_INT_CONVERSION = YES;
				CLANG_WARN_OBJC_ROOT_CLASS = YES_ERROR;
				CLANG_WARN_SUSPICIOUS_MOVES = YES;
				CLANG_WARN_UNREACHABLE_CODE = YES;
				CLANG_WARN__DUPLICATE_METHOD_MATCH = YES;
				"CODE_SIGN_IDENTITY[sdk=iphoneos*]" = "iPhone Developer";
				COPY_PHASE_STRIP = NO;
				DEBUG_INFORMATION_FORMAT = "dwarf-with-dsym";
				ENABLE_NS_ASSERTIONS = NO;
				ENABLE_STRICT_OBJC_MSGSEND = YES;
				GCC_C_LANGUAGE_STANDARD = gnu99;
				GCC_NO_COMMON_BLOCKS = YES;
				GCC_WARN_64_TO_32_BIT_CONVERSION = YES;
				GCC_WARN_ABOUT_RETURN_TYPE = YES_ERROR;
				GCC_WARN_UNDECLARED_SELECTOR = YES;
				GCC_WARN_UNINITIALIZED_AUTOS = YES_AGGRESSIVE;
				GCC_WARN_UNUSED_FUNCTION = YES;
				GCC_WARN_UNUSED_VARIABLE = YES;
				IPHONEOS_DEPLOYMENT_TARGET = 10.0;
				MTL_ENABLE_DEBUG_INFO = NO;
				SDKROOT = iphoneos;
				SWIFT_OPTIMIZATION_LEVEL = "-Owholemodule";
				TARGETED_DEVICE_FAMILY = "1,2";
				VALIDATE_PRODUCT = YES;
			};
			name = Release;
		};
		4695087D1DB7288100171DF8 /* Debug */ = {
			isa = XCBuildConfiguration;
			baseConfigurationReference = ECC085416479874AC3BFC717 /* Pods-斗鱼.debug.xcconfig */;
			buildSettings = {
				ASSETCATALOG_COMPILER_APPICON_NAME = AppIcon;
				ASSETCATALOG_COMPILER_LAUNCHIMAGE_NAME = LaunchImage;
				DEVELOPMENT_TEAM = EFQPYM2JJ7;
				FRAMEWORK_SEARCH_PATHS = (
					"$(inherited)",
					"$(PROJECT_DIR)/build/Debug-iphoneos/Alamofire",
				);
				INFOPLIST_FILE = "斗鱼/Info.plist";
				IPHONEOS_DEPLOYMENT_TARGET = 10.0;
				LD_RUNPATH_SEARCH_PATHS = "$(inherited) @executable_path/Frameworks";
				PRODUCT_BUNDLE_IDENTIFIER = "Yulu-Zhang.--";
				PRODUCT_NAME = "$(TARGET_NAME)";
				SWIFT_VERSION = 3.0;
				TARGETED_DEVICE_FAMILY = 1;
			};
			name = Debug;
		};
		4695087E1DB7288100171DF8 /* Release */ = {
			isa = XCBuildConfiguration;
			baseConfigurationReference = 75D36C4CE51F2569C638C786 /* Pods-斗鱼.release.xcconfig */;
			buildSettings = {
				ASSETCATALOG_COMPILER_APPICON_NAME = AppIcon;
				ASSETCATALOG_COMPILER_LAUNCHIMAGE_NAME = LaunchImage;
				DEVELOPMENT_TEAM = EFQPYM2JJ7;
				FRAMEWORK_SEARCH_PATHS = (
					"$(inherited)",
					"$(PROJECT_DIR)/build/Debug-iphoneos/Alamofire",
				);
				INFOPLIST_FILE = "斗鱼/Info.plist";
				IPHONEOS_DEPLOYMENT_TARGET = 10.0;
				LD_RUNPATH_SEARCH_PATHS = "$(inherited) @executable_path/Frameworks";
				PRODUCT_BUNDLE_IDENTIFIER = "Yulu-Zhang.--";
				PRODUCT_NAME = "$(TARGET_NAME)";
				SWIFT_VERSION = 3.0;
				TARGETED_DEVICE_FAMILY = 1;
			};
			name = Release;
		};
/* End XCBuildConfiguration section */

/* Begin XCConfigurationList section */
		469508651DB7288000171DF8 /* Build configuration list for PBXProject "斗鱼" */ = {
			isa = XCConfigurationList;
			buildConfigurations = (
				4695087A1DB7288100171DF8 /* Debug */,
				4695087B1DB7288100171DF8 /* Release */,
			);
			defaultConfigurationIsVisible = 0;
			defaultConfigurationName = Release;
		};
		4695087C1DB7288100171DF8 /* Build configuration list for PBXNativeTarget "斗鱼" */ = {
			isa = XCConfigurationList;
			buildConfigurations = (
				4695087D1DB7288100171DF8 /* Debug */,
				4695087E1DB7288100171DF8 /* Release */,
			);
			defaultConfigurationIsVisible = 0;
			defaultConfigurationName = Release;
		};
/* End XCConfigurationList section */
	};
	rootObject = 469508621DB7288000171DF8 /* Project object */;
}
